// !$*UTF8*$!
{
	archiveVersion = 1;
	classes = {
	};
	objectVersion = 50;
	objects = {

/* Begin PBXBuildFile section */
		940A1CBC24A40F5300793639 /* EmployeeDetailView.swift in Sources */ = {isa = PBXBuildFile; fileRef = 940A1CBB24A40F5300793639 /* EmployeeDetailView.swift */; };
		940A1CBF24A42FC500793639 /* ImageViewWidget.swift in Sources */ = {isa = PBXBuildFile; fileRef = 940A1CBE24A42FC500793639 /* ImageViewWidget.swift */; };
		9427CD4924A3E07A00183E01 /* AppDelegate.swift in Sources */ = {isa = PBXBuildFile; fileRef = 9427CD4824A3E07A00183E01 /* AppDelegate.swift */; };
		9427CD4B24A3E07A00183E01 /* SceneDelegate.swift in Sources */ = {isa = PBXBuildFile; fileRef = 9427CD4A24A3E07A00183E01 /* SceneDelegate.swift */; };
		9427CD4D24A3E07A00183E01 /* EmployeeListView.swift in Sources */ = {isa = PBXBuildFile; fileRef = 9427CD4C24A3E07A00183E01 /* EmployeeListView.swift */; };
		9427CD4F24A3E07C00183E01 /* Assets.xcassets in Resources */ = {isa = PBXBuildFile; fileRef = 9427CD4E24A3E07C00183E01 /* Assets.xcassets */; };
		9427CD5224A3E07C00183E01 /* Preview Assets.xcassets in Resources */ = {isa = PBXBuildFile; fileRef = 9427CD5124A3E07C00183E01 /* Preview Assets.xcassets */; };
		9427CD5524A3E07C00183E01 /* LaunchScreen.storyboard in Resources */ = {isa = PBXBuildFile; fileRef = 9427CD5324A3E07C00183E01 /* LaunchScreen.storyboard */; };
		9427CD6024A3E07C00183E01 /* Employee_List_SwiftUITests.swift in Sources */ = {isa = PBXBuildFile; fileRef = 9427CD5F24A3E07C00183E01 /* Employee_List_SwiftUITests.swift */; };
		9427CD6D24A3E2B300183E01 /* Employee.swift in Sources */ = {isa = PBXBuildFile; fileRef = 9427CD6B24A3E2B300183E01 /* Employee.swift */; };
		9427CD6E24A3E2B300183E01 /* EmployeeViewModel.swift in Sources */ = {isa = PBXBuildFile; fileRef = 9427CD6C24A3E2B300183E01 /* EmployeeViewModel.swift */; };
		9427CD7024A3F6BA00183E01 /* UIColor.swift in Sources */ = {isa = PBXBuildFile; fileRef = 9427CD6F24A3F6BA00183E01 /* UIColor.swift */; };
		9427CD7324A3FBD600183E01 /* EmployeeStore.swift in Sources */ = {isa = PBXBuildFile; fileRef = 9427CD7224A3FBD600183E01 /* EmployeeStore.swift */; };
/* End PBXBuildFile section */

/* Begin PBXContainerItemProxy section */
		9427CD5C24A3E07C00183E01 /* PBXContainerItemProxy */ = {
			isa = PBXContainerItemProxy;
			containerPortal = 9427CD3D24A3E07A00183E01 /* Project object */;
			proxyType = 1;
			remoteGlobalIDString = 9427CD4424A3E07A00183E01;
			remoteInfo = "Employee List SwiftUI";
		};
/* End PBXContainerItemProxy section */

/* Begin PBXFileReference section */
		940A1CBB24A40F5300793639 /* EmployeeDetailView.swift */ = {isa = PBXFileReference; lastKnownFileType = sourcecode.swift; path = EmployeeDetailView.swift; sourceTree = "<group>"; };
		940A1CBD24A42C2000793639 /* Employee List SwiftUI.entitlements */ = {isa = PBXFileReference; lastKnownFileType = text.plist.entitlements; path = "Employee List SwiftUI.entitlements"; sourceTree = "<group>"; };
		940A1CBE24A42FC500793639 /* ImageViewWidget.swift */ = {isa = PBXFileReference; lastKnownFileType = sourcecode.swift; path = ImageViewWidget.swift; sourceTree = "<group>"; };
		9427CD4524A3E07A00183E01 /* Employee List SwiftUI.app */ = {isa = PBXFileReference; explicitFileType = wrapper.application; includeInIndex = 0; path = "Employee List SwiftUI.app"; sourceTree = BUILT_PRODUCTS_DIR; };
		9427CD4824A3E07A00183E01 /* AppDelegate.swift */ = {isa = PBXFileReference; lastKnownFileType = sourcecode.swift; path = AppDelegate.swift; sourceTree = "<group>"; };
		9427CD4A24A3E07A00183E01 /* SceneDelegate.swift */ = {isa = PBXFileReference; lastKnownFileType = sourcecode.swift; path = SceneDelegate.swift; sourceTree = "<group>"; };
		9427CD4C24A3E07A00183E01 /* EmployeeListView.swift */ = {isa = PBXFileReference; lastKnownFileType = sourcecode.swift; path = EmployeeListView.swift; sourceTree = "<group>"; };
		9427CD4E24A3E07C00183E01 /* Assets.xcassets */ = {isa = PBXFileReference; lastKnownFileType = folder.assetcatalog; path = Assets.xcassets; sourceTree = "<group>"; };
		9427CD5124A3E07C00183E01 /* Preview Assets.xcassets */ = {isa = PBXFileReference; lastKnownFileType = folder.assetcatalog; path = "Preview Assets.xcassets"; sourceTree = "<group>"; };
		9427CD5424A3E07C00183E01 /* Base */ = {isa = PBXFileReference; lastKnownFileType = file.storyboard; name = Base; path = Base.lproj/LaunchScreen.storyboard; sourceTree = "<group>"; };
		9427CD5624A3E07C00183E01 /* Info.plist */ = {isa = PBXFileReference; lastKnownFileType = text.plist.xml; path = Info.plist; sourceTree = "<group>"; };
		9427CD5B24A3E07C00183E01 /* Employee List SwiftUITests.xctest */ = {isa = PBXFileReference; explicitFileType = wrapper.cfbundle; includeInIndex = 0; path = "Employee List SwiftUITests.xctest"; sourceTree = BUILT_PRODUCTS_DIR; };
		9427CD5F24A3E07C00183E01 /* Employee_List_SwiftUITests.swift */ = {isa = PBXFileReference; lastKnownFileType = sourcecode.swift; path = Employee_List_SwiftUITests.swift; sourceTree = "<group>"; };
		9427CD6124A3E07C00183E01 /* Info.plist */ = {isa = PBXFileReference; lastKnownFileType = text.plist.xml; path = Info.plist; sourceTree = "<group>"; };
		9427CD6B24A3E2B300183E01 /* Employee.swift */ = {isa = PBXFileReference; fileEncoding = 4; lastKnownFileType = sourcecode.swift; path = Employee.swift; sourceTree = "<group>"; };
		9427CD6C24A3E2B300183E01 /* EmployeeViewModel.swift */ = {isa = PBXFileReference; fileEncoding = 4; lastKnownFileType = sourcecode.swift; path = EmployeeViewModel.swift; sourceTree = "<group>"; };
		9427CD6F24A3F6BA00183E01 /* UIColor.swift */ = {isa = PBXFileReference; fileEncoding = 4; lastKnownFileType = sourcecode.swift; path = UIColor.swift; sourceTree = "<group>"; };
		9427CD7224A3FBD600183E01 /* EmployeeStore.swift */ = {isa = PBXFileReference; lastKnownFileType = sourcecode.swift; path = EmployeeStore.swift; sourceTree = "<group>"; };
/* End PBXFileReference section */

/* Begin PBXFrameworksBuildPhase section */
		9427CD4224A3E07A00183E01 /* Frameworks */ = {
			isa = PBXFrameworksBuildPhase;
			buildActionMask = 2147483647;
			files = (
			);
			runOnlyForDeploymentPostprocessing = 0;
		};
		9427CD5824A3E07C00183E01 /* Frameworks */ = {
			isa = PBXFrameworksBuildPhase;
			buildActionMask = 2147483647;
			files = (
			);
			runOnlyForDeploymentPostprocessing = 0;
		};
/* End PBXFrameworksBuildPhase section */

/* Begin PBXGroup section */
		9427CD3C24A3E07A00183E01 = {
			isa = PBXGroup;
			children = (
				9427CD4724A3E07A00183E01 /* Employee List SwiftUI */,
				9427CD5E24A3E07C00183E01 /* Employee List SwiftUITests */,
				9427CD4624A3E07A00183E01 /* Products */,
			);
			sourceTree = "<group>";
		};
		9427CD4624A3E07A00183E01 /* Products */ = {
			isa = PBXGroup;
			children = (
				9427CD4524A3E07A00183E01 /* Employee List SwiftUI.app */,
				9427CD5B24A3E07C00183E01 /* Employee List SwiftUITests.xctest */,
			);
			name = Products;
			sourceTree = "<group>";
		};
		9427CD4724A3E07A00183E01 /* Employee List SwiftUI */ = {
			isa = PBXGroup;
			children = (
				9427CD6A24A3E29A00183E01 /* Model */,
				9427CD7124A3F6D300183E01 /* App Settings */,
				9427CD7224A3FBD600183E01 /* EmployeeStore.swift */,
				9427CD4C24A3E07A00183E01 /* EmployeeListView.swift */,
				940A1CBB24A40F5300793639 /* EmployeeDetailView.swift */,
				940A1CBE24A42FC500793639 /* ImageViewWidget.swift */,
				9427CD6F24A3F6BA00183E01 /* UIColor.swift */,
				9427CD4E24A3E07C00183E01 /* Assets.xcassets */,
				9427CD5324A3E07C00183E01 /* LaunchScreen.storyboard */,
				9427CD5624A3E07C00183E01 /* Info.plist */,
				940A1CBD24A42C2000793639 /* Employee List SwiftUI.entitlements */,
				9427CD5024A3E07C00183E01 /* Preview Content */,
			);
			path = "Employee List SwiftUI";
			sourceTree = "<group>";
		};
		9427CD5024A3E07C00183E01 /* Preview Content */ = {
			isa = PBXGroup;
			children = (
				9427CD5124A3E07C00183E01 /* Preview Assets.xcassets */,
			);
			path = "Preview Content";
			sourceTree = "<group>";
		};
		9427CD5E24A3E07C00183E01 /* Employee List SwiftUITests */ = {
			isa = PBXGroup;
			children = (
				9427CD5F24A3E07C00183E01 /* Employee_List_SwiftUITests.swift */,
				9427CD6124A3E07C00183E01 /* Info.plist */,
			);
			path = "Employee List SwiftUITests";
			sourceTree = "<group>";
		};
		9427CD6A24A3E29A00183E01 /* Model */ = {
			isa = PBXGroup;
			children = (
				9427CD6B24A3E2B300183E01 /* Employee.swift */,
				9427CD6C24A3E2B300183E01 /* EmployeeViewModel.swift */,
			);
			path = Model;
			sourceTree = "<group>";
		};
		9427CD7124A3F6D300183E01 /* App Settings */ = {
			isa = PBXGroup;
			children = (
				9427CD4824A3E07A00183E01 /* AppDelegate.swift */,
				9427CD4A24A3E07A00183E01 /* SceneDelegate.swift */,
			);
			path = "App Settings";
			sourceTree = "<group>";
		};
/* End PBXGroup section */

/* Begin PBXNativeTarget section */
		9427CD4424A3E07A00183E01 /* Employee List SwiftUI */ = {
			isa = PBXNativeTarget;
			buildConfigurationList = 9427CD6424A3E07C00183E01 /* Build configuration list for PBXNativeTarget "Employee List SwiftUI" */;
			buildPhases = (
				9427CD4124A3E07A00183E01 /* Sources */,
				9427CD4224A3E07A00183E01 /* Frameworks */,
				9427CD4324A3E07A00183E01 /* Resources */,
			);
			buildRules = (
			);
			dependencies = (
			);
			name = "Employee List SwiftUI";
			productName = "Employee List SwiftUI";
			productReference = 9427CD4524A3E07A00183E01 /* Employee List SwiftUI.app */;
			productType = "com.apple.product-type.application";
		};
		9427CD5A24A3E07C00183E01 /* Employee List SwiftUITests */ = {
			isa = PBXNativeTarget;
			buildConfigurationList = 9427CD6724A3E07C00183E01 /* Build configuration list for PBXNativeTarget "Employee List SwiftUITests" */;
			buildPhases = (
				9427CD5724A3E07C00183E01 /* Sources */,
				9427CD5824A3E07C00183E01 /* Frameworks */,
				9427CD5924A3E07C00183E01 /* Resources */,
			);
			buildRules = (
			);
			dependencies = (
				9427CD5D24A3E07C00183E01 /* PBXTargetDependency */,
			);
			name = "Employee List SwiftUITests";
			productName = "Employee List SwiftUITests";
			productReference = 9427CD5B24A3E07C00183E01 /* Employee List SwiftUITests.xctest */;
			productType = "com.apple.product-type.bundle.unit-test";
		};
/* End PBXNativeTarget section */

/* Begin PBXProject section */
		9427CD3D24A3E07A00183E01 /* Project object */ = {
			isa = PBXProject;
			attributes = {
				LastSwiftUpdateCheck = 1150;
				LastUpgradeCheck = 1150;
				ORGANIZATIONNAME = "Ryan David Forsyth";
				TargetAttributes = {
					9427CD4424A3E07A00183E01 = {
						CreatedOnToolsVersion = 11.5;
					};
					9427CD5A24A3E07C00183E01 = {
						CreatedOnToolsVersion = 11.5;
						TestTargetID = 9427CD4424A3E07A00183E01;
					};
				};
			};
			buildConfigurationList = 9427CD4024A3E07A00183E01 /* Build configuration list for PBXProject "Employee List SwiftUI" */;
			compatibilityVersion = "Xcode 9.3";
			developmentRegion = en;
			hasScannedForEncodings = 0;
			knownRegions = (
				en,
				Base,
			);
			mainGroup = 9427CD3C24A3E07A00183E01;
			productRefGroup = 9427CD4624A3E07A00183E01 /* Products */;
			projectDirPath = "";
			projectRoot = "";
			targets = (
				9427CD4424A3E07A00183E01 /* Employee List SwiftUI */,
				9427CD5A24A3E07C00183E01 /* Employee List SwiftUITests */,
			);
		};
/* End PBXProject section */

/* Begin PBXResourcesBuildPhase section */
		9427CD4324A3E07A00183E01 /* Resources */ = {
			isa = PBXResourcesBuildPhase;
			buildActionMask = 2147483647;
			files = (
				9427CD5524A3E07C00183E01 /* LaunchScreen.storyboard in Resources */,
				9427CD5224A3E07C00183E01 /* Preview Assets.xcassets in Resources */,
				9427CD4F24A3E07C00183E01 /* Assets.xcassets in Resources */,
			);
			runOnlyForDeploymentPostprocessing = 0;
		};
		9427CD5924A3E07C00183E01 /* Resources */ = {
			isa = PBXResourcesBuildPhase;
			buildActionMask = 2147483647;
			files = (
			);
			runOnlyForDeploymentPostprocessing = 0;
		};
/* End PBXResourcesBuildPhase section */

/* Begin PBXSourcesBuildPhase section */
		9427CD4124A3E07A00183E01 /* Sources */ = {
			isa = PBXSourcesBuildPhase;
			buildActionMask = 2147483647;
			files = (
				9427CD4924A3E07A00183E01 /* AppDelegate.swift in Sources */,
				9427CD7024A3F6BA00183E01 /* UIColor.swift in Sources */,
				940A1CBC24A40F5300793639 /* EmployeeDetailView.swift in Sources */,
				9427CD6D24A3E2B300183E01 /* Employee.swift in Sources */,
				9427CD4B24A3E07A00183E01 /* SceneDelegate.swift in Sources */,
				9427CD6E24A3E2B300183E01 /* EmployeeViewModel.swift in Sources */,
				9427CD7324A3FBD600183E01 /* EmployeeStore.swift in Sources */,
				9427CD4D24A3E07A00183E01 /* EmployeeListView.swift in Sources */,
				940A1CBF24A42FC500793639 /* ImageViewWidget.swift in Sources */,
			);
			runOnlyForDeploymentPostprocessing = 0;
		};
		9427CD5724A3E07C00183E01 /* Sources */ = {
			isa = PBXSourcesBuildPhase;
			buildActionMask = 2147483647;
			files = (
				9427CD6024A3E07C00183E01 /* Employee_List_SwiftUITests.swift in Sources */,
			);
			runOnlyForDeploymentPostprocessing = 0;
		};
/* End PBXSourcesBuildPhase section */

/* Begin PBXTargetDependency section */
		9427CD5D24A3E07C00183E01 /* PBXTargetDependency */ = {
			isa = PBXTargetDependency;
			target = 9427CD4424A3E07A00183E01 /* Employee List SwiftUI */;
			targetProxy = 9427CD5C24A3E07C00183E01 /* PBXContainerItemProxy */;
		};
/* End PBXTargetDependency section */

/* Begin PBXVariantGroup section */
		9427CD5324A3E07C00183E01 /* LaunchScreen.storyboard */ = {
			isa = PBXVariantGroup;
			children = (
				9427CD5424A3E07C00183E01 /* Base */,
			);
			name = LaunchScreen.storyboard;
			sourceTree = "<group>";
		};
/* End PBXVariantGroup section */

/* Begin XCBuildConfiguration section */
		9427CD6224A3E07C00183E01 /* Debug */ = {
			isa = XCBuildConfiguration;
			buildSettings = {
				ALWAYS_SEARCH_USER_PATHS = NO;
				CLANG_ANALYZER_NONNULL = YES;
				CLANG_ANALYZER_NUMBER_OBJECT_CONVERSION = YES_AGGRESSIVE;
				CLANG_CXX_LANGUAGE_STANDARD = "gnu++14";
				CLANG_CXX_LIBRARY = "libc++";
				CLANG_ENABLE_MODULES = YES;
				CLANG_ENABLE_OBJC_ARC = YES;
				CLANG_ENABLE_OBJC_WEAK = YES;
				CLANG_WARN_BLOCK_CAPTURE_AUTORELEASING = YES;
				CLANG_WARN_BOOL_CONVERSION = YES;
				CLANG_WARN_COMMA = YES;
				CLANG_WARN_CONSTANT_CONVERSION = YES;
				CLANG_WARN_DEPRECATED_OBJC_IMPLEMENTATIONS = YES;
				CLANG_WARN_DIRECT_OBJC_ISA_USAGE = YES_ERROR;
				CLANG_WARN_DOCUMENTATION_COMMENTS = YES;
				CLANG_WARN_EMPTY_BODY = YES;
				CLANG_WARN_ENUM_CONVERSION = YES;
				CLANG_WARN_INFINITE_RECURSION = YES;
				CLANG_WARN_INT_CONVERSION = YES;
				CLANG_WARN_NON_LITERAL_NULL_CONVERSION = YES;
				CLANG_WARN_OBJC_IMPLICIT_RETAIN_SELF = YES;
				CLANG_WARN_OBJC_LITERAL_CONVERSION = YES;
				CLANG_WARN_OBJC_ROOT_CLASS = YES_ERROR;
				CLANG_WARN_RANGE_LOOP_ANALYSIS = YES;
				CLANG_WARN_STRICT_PROTOTYPES = YES;
				CLANG_WARN_SUSPICIOUS_MOVE = YES;
				CLANG_WARN_UNGUARDED_AVAILABILITY = YES_AGGRESSIVE;
				CLANG_WARN_UNREACHABLE_CODE = YES;
				CLANG_WARN__DUPLICATE_METHOD_MATCH = YES;
				COPY_PHASE_STRIP = NO;
				DEBUG_INFORMATION_FORMAT = dwarf;
				ENABLE_STRICT_OBJC_MSGSEND = YES;
				ENABLE_TESTABILITY = YES;
				GCC_C_LANGUAGE_STANDARD = gnu11;
				GCC_DYNAMIC_NO_PIC = NO;
				GCC_NO_COMMON_BLOCKS = YES;
				GCC_OPTIMIZATION_LEVEL = 0;
				GCC_PREPROCESSOR_DEFINITIONS = (
					"DEBUG=1",
					"$(inherited)",
				);
				GCC_WARN_64_TO_32_BIT_CONVERSION = YES;
				GCC_WARN_ABOUT_RETURN_TYPE = YES_ERROR;
				GCC_WARN_UNDECLARED_SELECTOR = YES;
				GCC_WARN_UNINITIALIZED_AUTOS = YES_AGGRESSIVE;
				GCC_WARN_UNUSED_FUNCTION = YES;
				GCC_WARN_UNUSED_VARIABLE = YES;
				IPHONEOS_DEPLOYMENT_TARGET = 13.5;
				MTL_ENABLE_DEBUG_INFO = INCLUDE_SOURCE;
				MTL_FAST_MATH = YES;
				ONLY_ACTIVE_ARCH = YES;
				SDKROOT = iphoneos;
				SWIFT_ACTIVE_COMPILATION_CONDITIONS = DEBUG;
				SWIFT_OPTIMIZATION_LEVEL = "-Onone";
			};
			name = Debug;
		};
		9427CD6324A3E07C00183E01 /* Release */ = {
			isa = XCBuildConfiguration;
			buildSettings = {
				ALWAYS_SEARCH_USER_PATHS = NO;
				CLANG_ANALYZER_NONNULL = YES;
				CLANG_ANALYZER_NUMBER_OBJECT_CONVERSION = YES_AGGRESSIVE;
				CLANG_CXX_LANGUAGE_STANDARD = "gnu++14";
				CLANG_CXX_LIBRARY = "libc++";
				CLANG_ENABLE_MODULES = YES;
				CLANG_ENABLE_OBJC_ARC = YES;
				CLANG_ENABLE_OBJC_WEAK = YES;
				CLANG_WARN_BLOCK_CAPTURE_AUTORELEASING = YES;
				CLANG_WARN_BOOL_CONVERSION = YES;
				CLANG_WARN_COMMA = YES;
				CLANG_WARN_CONSTANT_CONVERSION = YES;
				CLANG_WARN_DEPRECATED_OBJC_IMPLEMENTATIONS = YES;
				CLANG_WARN_DIRECT_OBJC_ISA_USAGE = YES_ERROR;
				CLANG_WARN_DOCUMENTATION_COMMENTS = YES;
				CLANG_WARN_EMPTY_BODY = YES;
				CLANG_WARN_ENUM_CONVERSION = YES;
				CLANG_WARN_INFINITE_RECURSION = YES;
				CLANG_WARN_INT_CONVERSION = YES;
				CLANG_WARN_NON_LITERAL_NULL_CONVERSION = YES;
				CLANG_WARN_OBJC_IMPLICIT_RETAIN_SELF = YES;
				CLANG_WARN_OBJC_LITERAL_CONVERSION = YES;
				CLANG_WARN_OBJC_ROOT_CLASS = YES_ERROR;
				CLANG_WARN_RANGE_LOOP_ANALYSIS = YES;
				CLANG_WARN_STRICT_PROTOTYPES = YES;
				CLANG_WARN_SUSPICIOUS_MOVE = YES;
				CLANG_WARN_UNGUARDED_AVAILABILITY = YES_AGGRESSIVE;
				CLANG_WARN_UNREACHABLE_CODE = YES;
				CLANG_WARN__DUPLICATE_METHOD_MATCH = YES;
				COPY_PHASE_STRIP = NO;
				DEBUG_INFORMATION_FORMAT = "dwarf-with-dsym";
				ENABLE_NS_ASSERTIONS = NO;
				ENABLE_STRICT_OBJC_MSGSEND = YES;
				GCC_C_LANGUAGE_STANDARD = gnu11;
				GCC_NO_COMMON_BLOCKS = YES;
				GCC_WARN_64_TO_32_BIT_CONVERSION = YES;
				GCC_WARN_ABOUT_RETURN_TYPE = YES_ERROR;
				GCC_WARN_UNDECLARED_SELECTOR = YES;
				GCC_WARN_UNINITIALIZED_AUTOS = YES_AGGRESSIVE;
				GCC_WARN_UNUSED_FUNCTION = YES;
				GCC_WARN_UNUSED_VARIABLE = YES;
				IPHONEOS_DEPLOYMENT_TARGET = 13.5;
				MTL_ENABLE_DEBUG_INFO = NO;
				MTL_FAST_MATH = YES;
				SDKROOT = iphoneos;
				SWIFT_COMPILATION_MODE = wholemodule;
				SWIFT_OPTIMIZATION_LEVEL = "-O";
				VALIDATE_PRODUCT = YES;
			};
			name = Release;
		};
		9427CD6524A3E07C00183E01 /* Debug */ = {
			isa = XCBuildConfiguration;
			buildSettings = {
				ASSETCATALOG_COMPILER_APPICON_NAME = AppIcon;
				CODE_SIGN_ENTITLEMENTS = "Employee List SwiftUI/Employee List SwiftUI.entitlements";
				CODE_SIGN_STYLE = Automatic;
				DEVELOPMENT_ASSET_PATHS = "\"Employee List SwiftUI/Preview Content\"";
				DEVELOPMENT_TEAM = T6MXF72738;
				ENABLE_PREVIEWS = YES;
				INFOPLIST_FILE = "Employee List SwiftUI/Info.plist";
				LD_RUNPATH_SEARCH_PATHS = (
					"$(inherited)",
					"@executable_path/Frameworks",
				);
				PRODUCT_BUNDLE_IDENTIFIER = "com.RyanDF.Employee-List-SwiftUI";
				PRODUCT_NAME = "$(TARGET_NAME)";
				SUPPORTS_MACCATALYST = YES;
				SWIFT_VERSION = 5.0;
				TARGETED_DEVICE_FAMILY = "1,2";
			};
			name = Debug;
		};
		9427CD6624A3E07C00183E01 /* Release */ = {
			isa = XCBuildConfiguration;
			buildSettings = {
				ASSETCATALOG_COMPILER_APPICON_NAME = AppIcon;
				CODE_SIGN_ENTITLEMENTS = "Employee List SwiftUI/Employee List SwiftUI.entitlements";
				CODE_SIGN_STYLE = Automatic;
				DEVELOPMENT_ASSET_PATHS = "\"Employee List SwiftUI/Preview Content\"";
				DEVELOPMENT_TEAM = T6MXF72738;
				ENABLE_PREVIEWS = YES;
				INFOPLIST_FILE = "Employee List SwiftUI/Info.plist";
				LD_RUNPATH_SEARCH_PATHS = (
					"$(inherited)",
					"@executable_path/Frameworks",
				);
				PRODUCT_BUNDLE_IDENTIFIER = "com.RyanDF.Employee-List-SwiftUI";
				PRODUCT_NAME = "$(TARGET_NAME)";
				SUPPORTS_MACCATALYST = YES;
				SWIFT_VERSION = 5.0;
				TARGETED_DEVICE_FAMILY = "1,2";
			};
			name = Release;
		};
		9427CD6824A3E07C00183E01 /* Debug */ = {
			isa = XCBuildConfiguration;
			buildSettings = {
				ALWAYS_EMBED_SWIFT_STANDARD_LIBRARIES = YES;
				BUNDLE_LOADER = "$(TEST_HOST)";
				CODE_SIGN_STYLE = Automatic;
				DEVELOPMENT_TEAM = T6MXF72738;
				INFOPLIST_FILE = "Employee List SwiftUITests/Info.plist";
				IPHONEOS_DEPLOYMENT_TARGET = 13.5;
				LD_RUNPATH_SEARCH_PATHS = (
					"$(inherited)",
					"@executable_path/Frameworks",
					"@loader_path/Frameworks",
				);
				PRODUCT_BUNDLE_IDENTIFIER = "com.RyanDF.Employee-List-SwiftUITests";
				PRODUCT_NAME = "$(TARGET_NAME)";
				SWIFT_VERSION = 5.0;
				TARGETED_DEVICE_FAMILY = "1,2";
				TEST_HOST = "$(BUILT_PRODUCTS_DIR)/Employee List SwiftUI.app/Employee List SwiftUI";
			};
			name = Debug;
		};
		9427CD6924A3E07C00183E01 /* Release */ = {
			isa = XCBuildConfiguration;
			buildSettings = {
				ALWAYS_EMBED_SWIFT_STANDARD_LIBRARIES = YES;
				BUNDLE_LOADER = "$(TEST_HOST)";
				CODE_SIGN_STYLE = Automatic;
				DEVELOPMENT_TEAM = T6MXF72738;
				INFOPLIST_FILE = "Employee List SwiftUITests/Info.plist";
				IPHONEOS_DEPLOYMENT_TARGET = 13.5;
				LD_RUNPATH_SEARCH_PATHS = (
					"$(inherited)",
					"@executable_path/Frameworks",
					"@loader_path/Frameworks",
				);
				PRODUCT_BUNDLE_IDENTIFIER = "com.RyanDF.Employee-List-SwiftUITests";
				PRODUCT_NAME = "$(TARGET_NAME)";
				SWIFT_VERSION = 5.0;
				TARGETED_DEVICE_FAMILY = "1,2";
				TEST_HOST = "$(BUILT_PRODUCTS_DIR)/Employee List SwiftUI.app/Employee List SwiftUI";
			};
			name = Release;
		};
/* End XCBuildConfiguration section */

/* Begin XCConfigurationList section */
		9427CD4024A3E07A00183E01 /* Build configuration list for PBXProject "Employee List SwiftUI" */ = {
			isa = XCConfigurationList;
			buildConfigurations = (
				9427CD6224A3E07C00183E01 /* Debug */,
				9427CD6324A3E07C00183E01 /* Release */,
			);
			defaultConfigurationIsVisible = 0;
			defaultConfigurationName = Release;
		};
		9427CD6424A3E07C00183E01 /* Build configuration list for PBXNativeTarget "Employee List SwiftUI" */ = {
			isa = XCConfigurationList;
			buildConfigurations = (
				9427CD6524A3E07C00183E01 /* Debug */,
				9427CD6624A3E07C00183E01 /* Release */,
			);
			defaultConfigurationIsVisible = 0;
			defaultConfigurationName = Release;
		};
		9427CD6724A3E07C00183E01 /* Build configuration list for PBXNativeTarget "Employee List SwiftUITests" */ = {
			isa = XCConfigurationList;
			buildConfigurations = (
				9427CD6824A3E07C00183E01 /* Debug */,
				9427CD6924A3E07C00183E01 /* Release */,
			);
			defaultConfigurationIsVisible = 0;
			defaultConfigurationName = Release;
		};
/* End XCConfigurationList section */
	};
	rootObject = 9427CD3D24A3E07A00183E01 /* Project object */;
}
